// !$*UTF8*$!
{
	archiveVersion = 1;
	classes = {
	};
	objectVersion = 46;
	objects = {

/* Begin PBXBuildFile section */
		269590231CB7045F00CDF4ED /* main.m in Sources */ = {isa = PBXBuildFile; fileRef = 269590221CB7045F00CDF4ED /* main.m */; };
		269590261CB7045F00CDF4ED /* AppDelegate.m in Sources */ = {isa = PBXBuildFile; fileRef = 269590251CB7045F00CDF4ED /* AppDelegate.m */; };
		2695902C1CB7045F00CDF4ED /* Main.storyboard in Resources */ = {isa = PBXBuildFile; fileRef = 2695902A1CB7045F00CDF4ED /* Main.storyboard */; };
		2695902E1CB7045F00CDF4ED /* Assets.xcassets in Resources */ = {isa = PBXBuildFile; fileRef = 2695902D1CB7045F00CDF4ED /* Assets.xcassets */; };
		269590311CB7045F00CDF4ED /* LaunchScreen.storyboard in Resources */ = {isa = PBXBuildFile; fileRef = 2695902F1CB7045F00CDF4ED /* LaunchScreen.storyboard */; };
		2695903A1CB704C700CDF4ED /* MTableViewController.m in Sources */ = {isa = PBXBuildFile; fileRef = 269590391CB704C700CDF4ED /* MTableViewController.m */; };
		2695903D1CB7066E00CDF4ED /* MCustomTextField.m in Sources */ = {isa = PBXBuildFile; fileRef = 2695903C1CB7066E00CDF4ED /* MCustomTextField.m */; };
/* End PBXBuildFile section */

/* Begin PBXFileReference section */
		2695901E1CB7045F00CDF4ED /* CustomTextField.app */ = {isa = PBXFileReference; explicitFileType = wrapper.application; includeInIndex = 0; path = CustomTextField.app; sourceTree = BUILT_PRODUCTS_DIR; };
		269590221CB7045F00CDF4ED /* main.m */ = {isa = PBXFileReference; lastKnownFileType = sourcecode.c.objc; path = main.m; sourceTree = "<group>"; };
		269590241CB7045F00CDF4ED /* AppDelegate.h */ = {isa = PBXFileReference; lastKnownFileType = sourcecode.c.h; path = AppDelegate.h; sourceTree = "<group>"; };
		269590251CB7045F00CDF4ED /* AppDelegate.m */ = {isa = PBXFileReference; lastKnownFileType = sourcecode.c.objc; path = AppDelegate.m; sourceTree = "<group>"; };
		2695902B1CB7045F00CDF4ED /* Base */ = {isa = PBXFileReference; lastKnownFileType = file.storyboard; name = Base; path = Base.lproj/Main.storyboard; sourceTree = "<group>"; };
		2695902D1CB7045F00CDF4ED /* Assets.xcassets */ = {isa = PBXFileReference; lastKnownFileType = folder.assetcatalog; path = Assets.xcassets; sourceTree = "<group>"; };
		269590301CB7045F00CDF4ED /* Base */ = {isa = PBXFileReference; lastKnownFileType = file.storyboard; name = Base; path = Base.lproj/LaunchScreen.storyboard; sourceTree = "<group>"; };
		269590321CB7045F00CDF4ED /* Info.plist */ = {isa = PBXFileReference; lastKnownFileType = text.plist.xml; path = Info.plist; sourceTree = "<group>"; };
		269590381CB704C700CDF4ED /* MTableViewController.h */ = {isa = PBXFileReference; fileEncoding = 4; lastKnownFileType = sourcecode.c.h; path = MTableViewController.h; sourceTree = "<group>"; };
		269590391CB704C700CDF4ED /* MTableViewController.m */ = {isa = PBXFileReference; fileEncoding = 4; lastKnownFileType = sourcecode.c.objc; path = MTableViewController.m; sourceTree = "<group>"; };
		2695903B1CB7066E00CDF4ED /* MCustomTextField.h */ = {isa = PBXFileReference; fileEncoding = 4; lastKnownFileType = sourcecode.c.h; path = MCustomTextField.h; sourceTree = "<group>"; };
		2695903C1CB7066E00CDF4ED /* MCustomTextField.m */ = {isa = PBXFileReference; fileEncoding = 4; lastKnownFileType = sourcecode.c.objc; path = MCustomTextField.m; sourceTree = "<group>"; };
/* End PBXFileReference section */

/* Begin PBXFrameworksBuildPhase section */
		2695901B1CB7045F00CDF4ED /* Frameworks */ = {
			isa = PBXFrameworksBuildPhase;
			buildActionMask = 2147483647;
			files = (
			);
			runOnlyForDeploymentPostprocessing = 0;
		};
/* End PBXFrameworksBuildPhase section */

/* Begin PBXGroup section */
		269590151CB7045E00CDF4ED = {
			isa = PBXGroup;
			children = (
				269590381CB704C700CDF4ED /* MTableViewController.h */,
				269590391CB704C700CDF4ED /* MTableViewController.m */,
				2695903B1CB7066E00CDF4ED /* MCustomTextField.h */,
				2695903C1CB7066E00CDF4ED /* MCustomTextField.m */,
				269590201CB7045F00CDF4ED /* CustomTextField */,
				2695901F1CB7045F00CDF4ED /* Products */,
			);
			sourceTree = "<group>";
		};
		2695901F1CB7045F00CDF4ED /* Products */ = {
			isa = PBXGroup;
			children = (
				2695901E1CB7045F00CDF4ED /* CustomTextField.app */,
			);
			name = Products;
			sourceTree = "<group>";
		};
		269590201CB7045F00CDF4ED /* CustomTextField */ = {
			isa = PBXGroup;
			children = (
				269590241CB7045F00CDF4ED /* AppDelegate.h */,
				269590251CB7045F00CDF4ED /* AppDelegate.m */,
				2695902A1CB7045F00CDF4ED /* Main.storyboard */,
				2695902D1CB7045F00CDF4ED /* Assets.xcassets */,
				2695902F1CB7045F00CDF4ED /* LaunchScreen.storyboard */,
				269590321CB7045F00CDF4ED /* Info.plist */,
				269590211CB7045F00CDF4ED /* Supporting Files */,
			);
			path = CustomTextField;
			sourceTree = "<group>";
		};
		269590211CB7045F00CDF4ED /* Supporting Files */ = {
			isa = PBXGroup;
			children = (
				269590221CB7045F00CDF4ED /* main.m */,
			);
			name = "Supporting Files";
			sourceTree = "<group>";
		};
/* End PBXGroup section */

/* Begin PBXNativeTarget section */
		2695901D1CB7045F00CDF4ED /* CustomTextField */ = {
			isa = PBXNativeTarget;
			buildConfigurationList = 269590351CB7045F00CDF4ED /* Build configuration list for PBXNativeTarget "CustomTextField" */;
			buildPhases = (
				2695901A1CB7045F00CDF4ED /* Sources */,
				2695901B1CB7045F00CDF4ED /* Frameworks */,
				2695901C1CB7045F00CDF4ED /* Resources */,
			);
			buildRules = (
			);
			dependencies = (
			);
			name = CustomTextField;
			productName = CustomTextField;
			productReference = 2695901E1CB7045F00CDF4ED /* CustomTextField.app */;
			productType = "com.apple.product-type.application";
		};
/* End PBXNativeTarget section */

/* Begin PBXProject section */
		269590161CB7045E00CDF4ED /* Project object */ = {
			isa = PBXProject;
			attributes = {
				LastUpgradeCheck = 0720;
				ORGANIZATIONNAME = Motley;
				TargetAttributes = {
					2695901D1CB7045F00CDF4ED = {
						CreatedOnToolsVersion = 7.2.1;
					};
				};
			};
			buildConfigurationList = 269590191CB7045F00CDF4ED /* Build configuration list for PBXProject "CustomTextField" */;
			compatibilityVersion = "Xcode 3.2";
			developmentRegion = English;
			hasScannedForEncodings = 0;
			knownRegions = (
				en,
				Base,
			);
			mainGroup = 269590151CB7045E00CDF4ED;
			productRefGroup = 2695901F1CB7045F00CDF4ED /* Products */;
			projectDirPath = "";
			projectRoot = "";
			targets = (
				2695901D1CB7045F00CDF4ED /* CustomTextField */,
			);
		};
/* End PBXProject section */

/* Begin PBXResourcesBuildPhase section */
		2695901C1CB7045F00CDF4ED /* Resources */ = {
			isa = PBXResourcesBuildPhase;
			buildActionMask = 2147483647;
			files = (
				269590311CB7045F00CDF4ED /* LaunchScreen.storyboard in Resources */,
				2695902E1CB7045F00CDF4ED /* Assets.xcassets in Resources */,
				2695902C1CB7045F00CDF4ED /* Main.storyboard in Resources */,
			);
			runOnlyForDeploymentPostprocessing = 0;
		};
/* End PBXResourcesBuildPhase section */

/* Begin PBXSourcesBuildPhase section */
		2695901A1CB7045F00CDF4ED /* Sources */ = {
			isa = PBXSourcesBuildPhase;
			buildActionMask = 2147483647;
			files = (
				269590261CB7045F00CDF4ED /* AppDelegate.m in Sources */,
				2695903A1CB704C700CDF4ED /* MTableViewController.m in Sources */,
				2695903D1CB7066E00CDF4ED /* MCustomTextField.m in Sources */,
				269590231CB7045F00CDF4ED /* main.m in Sources */,
			);
			runOnlyForDeploymentPostprocessing = 0;
		};
/* End PBXSourcesBuildPhase section */

/* Begin PBXVariantGroup section */
		2695902A1CB7045F00CDF4ED /* Main.storyboard */ = {
			isa = PBXVariantGroup;
			children = (
				2695902B1CB7045F00CDF4ED /* Base */,
			);
			name = Main.storyboard;
			sourceTree = "<group>";
		};
		2695902F1CB7045F00CDF4ED /* LaunchScreen.storyboard */ = {
			isa = PBXVariantGroup;
			children = (
				269590301CB7045F00CDF4ED /* Base */,
			);
			name = LaunchScreen.storyboard;
			sourceTree = "<group>";
		};
/* End PBXVariantGroup section */

/* Begin XCBuildConfiguration section */
		269590331CB7045F00CDF4ED /* Debug */ = {
			isa = XCBuildConfiguration;
			buildSettings = {
				ALWAYS_SEARCH_USER_PATHS = NO;
				CLANG_CXX_LANGUAGE_STANDARD = "gnu++0x";
				CLANG_CXX_LIBRARY = "libc++";
				CLANG_ENABLE_MODULES = YES;
				CLANG_ENABLE_OBJC_ARC = YES;
				CLANG_WARN_BOOL_CONVERSION = YES;
				CLANG_WARN_CONSTANT_CONVERSION = YES;
				CLANG_WARN_DIRECT_OBJC_ISA_USAGE = YES_ERROR;
				CLANG_WARN_EMPTY_BODY = YES;
				CLANG_WARN_ENUM_CONVERSION = YES;
				CLANG_WARN_INT_CONVERSION = YES;
				CLANG_WARN_OBJC_ROOT_CLASS = YES_ERROR;
				CLANG_WARN_UNREACHABLE_CODE = YES;
				CLANG_WARN__DUPLICATE_METHOD_MATCH = YES;
				"CODE_SIGN_IDENTITY[sdk=iphoneos*]" = "iPhone Developer";
				COPY_PHASE_STRIP = NO;
				DEBUG_INFORMATION_FORMAT = dwarf;
				ENABLE_STRICT_OBJC_MSGSEND = YES;
				ENABLE_TESTABILITY = YES;
				GCC_C_LANGUAGE_STANDARD = gnu99;
				GCC_DYNAMIC_NO_PIC = NO;
				GCC_NO_COMMON_BLOCKS = YES;
				GCC_OPTIMIZATION_LEVEL = 0;
				GCC_PREPROCESSOR_DEFINITIONS = (
					"DEBUG=1",
					"$(inherited)",
				);
				GCC_WARN_64_TO_32_BIT_CONVERSION = YES;
				GCC_WARN_ABOUT_RETURN_TYPE = YES_ERROR;
				GCC_WARN_UNDECLARED_SELECTOR = YES;
				GCC_WARN_UNINITIALIZED_AUTOS = YES_AGGRESSIVE;
				GCC_WARN_UNUSED_FUNCTION = YES;
				GCC_WARN_UNUSED_VARIABLE = YES;
				IPHONEOS_DEPLOYMENT_TARGET = 9.2;
				MTL_ENABLE_DEBUG_INFO = YES;
				ONLY_ACTIVE_ARCH = YES;
				SDKROOT = iphoneos;
			};
			name = Debug;
		};
		269590341CB7045F00CDF4ED /* Release */ = {
			isa = XCBuildConfiguration;
			buildSettings = {
				ALWAYS_SEARCH_USER_PATHS = NO;
				CLANG_CXX_LANGUAGE_STANDARD = "gnu++0x";
				CLANG_CXX_LIBRARY = "libc++";
				CLANG_ENABLE_MODULES = YES;
				CLANG_ENABLE_OBJC_ARC = YES;
				CLANG_WARN_BOOL_CONVERSION = YES;
				CLANG_WARN_CONSTANT_CONVERSION = YES;
				CLANG_WARN_DIRECT_OBJC_ISA_USAGE = YES_ERROR;
				CLANG_WARN_EMPTY_BODY = YES;
				CLANG_WARN_ENUM_CONVERSION = YES;
				CLANG_WARN_INT_CONVERSION = YES;
				CLANG_WARN_OBJC_ROOT_CLASS = YES_ERROR;
				CLANG_WARN_UNREACHABLE_CODE = YES;
				CLANG_WARN__DUPLICATE_METHOD_MATCH = YES;
				"CODE_SIGN_IDENTITY[sdk=iphoneos*]" = "iPhone Developer";
				COPY_PHASE_STRIP = NO;
				DEBUG_INFORMATION_FORMAT = "dwarf-with-dsym";
				ENABLE_NS_ASSERTIONS = NO;
				ENABLE_STRICT_OBJC_MSGSEND = YES;
				GCC_C_LANGUAGE_STANDARD = gnu99;
				GCC_NO_COMMON_BLOCKS = YES;
				GCC_WARN_64_TO_32_BIT_CONVERSION = YES;
				GCC_WARN_ABOUT_RETURN_TYPE = YES_ERROR;
				GCC_WARN_UNDECLARED_SELECTOR = YES;
				GCC_WARN_UNINITIALIZED_AUTOS = YES_AGGRESSIVE;
				GCC_WARN_UNUSED_FUNCTION = YES;
				GCC_WARN_UNUSED_VARIABLE = YES;
				IPHONEOS_DEPLOYMENT_TARGET = 9.2;
				MTL_ENABLE_DEBUG_INFO = NO;
				SDKROOT = iphoneos;
				VALIDATE_PRODUCT = YES;
			};
			name = Release;
		};
		269590361CB7045F00CDF4ED /* Debug */ = {
			isa = XCBuildConfiguration;
			buildSettings = {
				ASSETCATALOG_COMPILER_APPICON_NAME = AppIcon;
				INFOPLIST_FILE = CustomTextField/Info.plist;
				IPHONEOS_DEPLOYMENT_TARGET = 9.1;
				LD_RUNPATH_SEARCH_PATHS = "$(inherited) @executable_path/Frameworks";
				PRODUCT_BUNDLE_IDENTIFIER = Motley.CustomTextField;
				PRODUCT_NAME = "$(TARGET_NAME)";
			};
			name = Debug;
		};
		269590371CB7045F00CDF4ED /* Release */ = {
			isa = XCBuildConfiguration;
			buildSettings = {
				ASSETCATALOG_COMPILER_APPICON_NAME = AppIcon;
				INFOPLIST_FILE = CustomTextField/Info.plist;
				IPHONEOS_DEPLOYMENT_TARGET = 9.1;
				LD_RUNPATH_SEARCH_PATHS = "$(inherited) @executable_path/Frameworks";
				PRODUCT_BUNDLE_IDENTIFIER = Motley.CustomTextField;
				PRODUCT_NAME = "$(TARGET_NAME)";
			};
			name = Release;
		};
/* End XCBuildConfiguration section */

/* Begin XCConfigurationList section */
		269590191CB7045F00CDF4ED /* Build configuration list for PBXProject "CustomTextField" */ = {
			isa = XCConfigurationList;
			buildConfigurations = (
				269590331CB7045F00CDF4ED /* Debug */,
				269590341CB7045F00CDF4ED /* Release */,
			);
			defaultConfigurationIsVisible = 0;
			defaultConfigurationName = Release;
		};
		269590351CB7045F00CDF4ED /* Build configuration list for PBXNativeTarget "CustomTextField" */ = {
			isa = XCConfigurationList;
			buildConfigurations = (
				269590361CB7045F00CDF4ED /* Debug */,
				269590371CB7045F00CDF4ED /* Release */,
			);
			defaultConfigurationIsVisible = 0;
		};
/* End XCConfigurationList section */
	};
	rootObject = 269590161CB7045E00CDF4ED /* Project object */;
}
